// !$*UTF8*$!
{
	archiveVersion = 1;
	classes = {
	};
	objectVersion = 50;
	objects = {

/* Begin PBXBuildFile section */
		012B71582125010800394A8F /* AppDelegate.m in Sources */ = {isa = PBXBuildFile; fileRef = 012B71572125010800394A8F /* AppDelegate.m */; };
		012B715B2125010800394A8F /* ViewController.m in Sources */ = {isa = PBXBuildFile; fileRef = 012B715A2125010800394A8F /* ViewController.m */; };
		012B71602125010900394A8F /* Assets.xcassets in Resources */ = {isa = PBXBuildFile; fileRef = 012B715F2125010900394A8F /* Assets.xcassets */; };
		012B71662125010900394A8F /* main.m in Sources */ = {isa = PBXBuildFile; fileRef = 012B71652125010900394A8F /* main.m */; };
		012B716E21252F8000394A8F /* FirstVC.m in Sources */ = {isa = PBXBuildFile; fileRef = 012B716D21252F8000394A8F /* FirstVC.m */; };
		0147C6BC23AB93F0006EEF78 /* PHStepView.m in Sources */ = {isa = PBXBuildFile; fileRef = 0147C6B823AB93F0006EEF78 /* PHStepView.m */; };
		0147C6BD23AB93F0006EEF78 /* PHDashView.m in Sources */ = {isa = PBXBuildFile; fileRef = 0147C6B923AB93F0006EEF78 /* PHDashView.m */; };
		0147C6BE23AB93F0006EEF78 /* PHSingleStepView.m in Sources */ = {isa = PBXBuildFile; fileRef = 0147C6BA23AB93F0006EEF78 /* PHSingleStepView.m */; };
		0147C6C223ABA4C3006EEF78 /* UIColor+PH.m in Sources */ = {isa = PBXBuildFile; fileRef = 0147C6C123ABA4C2006EEF78 /* UIColor+PH.m */; };
		0147C6C823ABA94B006EEF78 /* PHBaseDataUtil.m in Sources */ = {isa = PBXBuildFile; fileRef = 0147C6C623ABA94B006EEF78 /* PHBaseDataUtil.m */; };
		0147C6CB23ABA99C006EEF78 /* PHSafeCollection.m in Sources */ = {isa = PBXBuildFile; fileRef = 0147C6C923ABA99C006EEF78 /* PHSafeCollection.m */; };
		018D9A8324EBFB3C0025BBF5 /* ThirdVC.m in Sources */ = {isa = PBXBuildFile; fileRef = 018D9A8224EBFB3C0025BBF5 /* ThirdVC.m */; };
		01BACFBA24EC00F400D09EC4 /* TableViewCell.m in Sources */ = {isa = PBXBuildFile; fileRef = 01BACFB924EC00F400D09EC4 /* TableViewCell.m */; };
		01BACFBD24EC01EB00D09EC4 /* TableViewCell2.m in Sources */ = {isa = PBXBuildFile; fileRef = 01BACFBC24EC01EB00D09EC4 /* TableViewCell2.m */; };
		01BACFC024EC0CC000D09EC4 /* TableViewCell3.m in Sources */ = {isa = PBXBuildFile; fileRef = 01BACFBF24EC0CC000D09EC4 /* TableViewCell3.m */; };
		01D73BFE256375DC003F8645 /* FiveVC.m in Sources */ = {isa = PBXBuildFile; fileRef = 01D73BFD256375DC003F8645 /* FiveVC.m */; };
		01D73C012563A3AF003F8645 /* TableViewCell4.m in Sources */ = {isa = PBXBuildFile; fileRef = 01D73C002563A3AF003F8645 /* TableViewCell4.m */; };
		01D73C062563A8E5003F8645 /* ModelForTableViewCell4.m in Sources */ = {isa = PBXBuildFile; fileRef = 01D73C052563A8E5003F8645 /* ModelForTableViewCell4.m */; };
		01D91F3524F7574800FE1DBF /* FourVC.m in Sources */ = {isa = PBXBuildFile; fileRef = 01D91F3424F7574800FE1DBF /* FourVC.m */; };
		01E8972323ABAD3C00540188 /* NSString+PH.m in Sources */ = {isa = PBXBuildFile; fileRef = 01E8972223ABAD3C00540188 /* NSString+PH.m */; };
		01F7BE0C23AB21C8008D8BC9 /* SecondVC.m in Sources */ = {isa = PBXBuildFile; fileRef = 01F7BE0B23AB21C8008D8BC9 /* SecondVC.m */; };
		0B01D88D73D2669D1B7BBC5A /* libPods-Masonry布局.a in Frameworks */ = {isa = PBXBuildFile; fileRef = 16571732CB28487DFBADE3F6 /* libPods-Masonry布局.a */; };
/* End PBXBuildFile section */

/* Begin PBXFileReference section */
		012B71532125010800394A8F /* Masonry布局.app */ = {isa = PBXFileReference; explicitFileType = wrapper.application; includeInIndex = 0; path = "Masonry布局.app"; sourceTree = BUILT_PRODUCTS_DIR; };
		012B71562125010800394A8F /* AppDelegate.h */ = {isa = PBXFileReference; lastKnownFileType = sourcecode.c.h; path = AppDelegate.h; sourceTree = "<group>"; };
		012B71572125010800394A8F /* AppDelegate.m */ = {isa = PBXFileReference; lastKnownFileType = sourcecode.c.objc; path = AppDelegate.m; sourceTree = "<group>"; };
		012B71592125010800394A8F /* ViewController.h */ = {isa = PBXFileReference; lastKnownFileType = sourcecode.c.h; path = ViewController.h; sourceTree = "<group>"; };
		012B715A2125010800394A8F /* ViewController.m */ = {isa = PBXFileReference; lastKnownFileType = sourcecode.c.objc; path = ViewController.m; sourceTree = "<group>"; };
		012B715F2125010900394A8F /* Assets.xcassets */ = {isa = PBXFileReference; lastKnownFileType = folder.assetcatalog; path = Assets.xcassets; sourceTree = "<group>"; };
		012B71642125010900394A8F /* Info.plist */ = {isa = PBXFileReference; lastKnownFileType = text.plist.xml; path = Info.plist; sourceTree = "<group>"; };
		012B71652125010900394A8F /* main.m */ = {isa = PBXFileReference; lastKnownFileType = sourcecode.c.objc; path = main.m; sourceTree = "<group>"; };
		012B716C21252F8000394A8F /* FirstVC.h */ = {isa = PBXFileReference; lastKnownFileType = sourcecode.c.h; path = FirstVC.h; sourceTree = "<group>"; };
		012B716D21252F8000394A8F /* FirstVC.m */ = {isa = PBXFileReference; lastKnownFileType = sourcecode.c.objc; path = FirstVC.m; sourceTree = "<group>"; };
		0147C6B623AB93F0006EEF78 /* PHDashView.h */ = {isa = PBXFileReference; fileEncoding = 4; lastKnownFileType = sourcecode.c.h; path = PHDashView.h; sourceTree = "<group>"; };
		0147C6B723AB93F0006EEF78 /* PHSingleStepView.h */ = {isa = PBXFileReference; fileEncoding = 4; lastKnownFileType = sourcecode.c.h; path = PHSingleStepView.h; sourceTree = "<group>"; };
		0147C6B823AB93F0006EEF78 /* PHStepView.m */ = {isa = PBXFileReference; fileEncoding = 4; lastKnownFileType = sourcecode.c.objc; path = PHStepView.m; sourceTree = "<group>"; };
		0147C6B923AB93F0006EEF78 /* PHDashView.m */ = {isa = PBXFileReference; fileEncoding = 4; lastKnownFileType = sourcecode.c.objc; path = PHDashView.m; sourceTree = "<group>"; };
		0147C6BA23AB93F0006EEF78 /* PHSingleStepView.m */ = {isa = PBXFileReference; fileEncoding = 4; lastKnownFileType = sourcecode.c.objc; path = PHSingleStepView.m; sourceTree = "<group>"; };
		0147C6BB23AB93F0006EEF78 /* PHStepView.h */ = {isa = PBXFileReference; fileEncoding = 4; lastKnownFileType = sourcecode.c.h; path = PHStepView.h; sourceTree = "<group>"; };
		0147C6C023ABA4C2006EEF78 /* UIColor+PH.h */ = {isa = PBXFileReference; fileEncoding = 4; lastKnownFileType = sourcecode.c.h; path = "UIColor+PH.h"; sourceTree = "<group>"; };
		0147C6C123ABA4C2006EEF78 /* UIColor+PH.m */ = {isa = PBXFileReference; fileEncoding = 4; lastKnownFileType = sourcecode.c.objc; path = "UIColor+PH.m"; sourceTree = "<group>"; };
		0147C6C623ABA94B006EEF78 /* PHBaseDataUtil.m */ = {isa = PBXFileReference; fileEncoding = 4; lastKnownFileType = sourcecode.c.objc; path = PHBaseDataUtil.m; sourceTree = "<group>"; };
		0147C6C723ABA94B006EEF78 /* PHBaseDataUtil.h */ = {isa = PBXFileReference; fileEncoding = 4; lastKnownFileType = sourcecode.c.h; path = PHBaseDataUtil.h; sourceTree = "<group>"; };
		0147C6C923ABA99C006EEF78 /* PHSafeCollection.m */ = {isa = PBXFileReference; fileEncoding = 4; lastKnownFileType = sourcecode.c.objc; path = PHSafeCollection.m; sourceTree = "<group>"; };
		0147C6CA23ABA99C006EEF78 /* PHSafeCollection.h */ = {isa = PBXFileReference; fileEncoding = 4; lastKnownFileType = sourcecode.c.h; path = PHSafeCollection.h; sourceTree = "<group>"; };
		018D9A8124EBFB3C0025BBF5 /* ThirdVC.h */ = {isa = PBXFileReference; lastKnownFileType = sourcecode.c.h; path = ThirdVC.h; sourceTree = "<group>"; };
		018D9A8224EBFB3C0025BBF5 /* ThirdVC.m */ = {isa = PBXFileReference; lastKnownFileType = sourcecode.c.objc; path = ThirdVC.m; sourceTree = "<group>"; };
		01BACFB824EC00F400D09EC4 /* TableViewCell.h */ = {isa = PBXFileReference; lastKnownFileType = sourcecode.c.h; path = TableViewCell.h; sourceTree = "<group>"; };
		01BACFB924EC00F400D09EC4 /* TableViewCell.m */ = {isa = PBXFileReference; lastKnownFileType = sourcecode.c.objc; path = TableViewCell.m; sourceTree = "<group>"; };
		01BACFBB24EC01EB00D09EC4 /* TableViewCell2.h */ = {isa = PBXFileReference; lastKnownFileType = sourcecode.c.h; path = TableViewCell2.h; sourceTree = "<group>"; };
		01BACFBC24EC01EB00D09EC4 /* TableViewCell2.m */ = {isa = PBXFileReference; lastKnownFileType = sourcecode.c.objc; path = TableViewCell2.m; sourceTree = "<group>"; };
		01BACFBE24EC0CC000D09EC4 /* TableViewCell3.h */ = {isa = PBXFileReference; lastKnownFileType = sourcecode.c.h; path = TableViewCell3.h; sourceTree = "<group>"; };
		01BACFBF24EC0CC000D09EC4 /* TableViewCell3.m */ = {isa = PBXFileReference; lastKnownFileType = sourcecode.c.objc; path = TableViewCell3.m; sourceTree = "<group>"; };
		01D73BFC256375DC003F8645 /* FiveVC.h */ = {isa = PBXFileReference; lastKnownFileType = sourcecode.c.h; path = FiveVC.h; sourceTree = "<group>"; };
		01D73BFD256375DC003F8645 /* FiveVC.m */ = {isa = PBXFileReference; lastKnownFileType = sourcecode.c.objc; path = FiveVC.m; sourceTree = "<group>"; };
		01D73BFF2563A3AF003F8645 /* TableViewCell4.h */ = {isa = PBXFileReference; lastKnownFileType = sourcecode.c.h; path = TableViewCell4.h; sourceTree = "<group>"; };
		01D73C002563A3AF003F8645 /* TableViewCell4.m */ = {isa = PBXFileReference; lastKnownFileType = sourcecode.c.objc; path = TableViewCell4.m; sourceTree = "<group>"; };
		01D73C042563A8E5003F8645 /* ModelForTableViewCell4.h */ = {isa = PBXFileReference; lastKnownFileType = sourcecode.c.h; path = ModelForTableViewCell4.h; sourceTree = "<group>"; };
		01D73C052563A8E5003F8645 /* ModelForTableViewCell4.m */ = {isa = PBXFileReference; lastKnownFileType = sourcecode.c.objc; path = ModelForTableViewCell4.m; sourceTree = "<group>"; };
		01D91F3324F7574800FE1DBF /* FourVC.h */ = {isa = PBXFileReference; lastKnownFileType = sourcecode.c.h; path = FourVC.h; sourceTree = "<group>"; };
		01D91F3424F7574800FE1DBF /* FourVC.m */ = {isa = PBXFileReference; lastKnownFileType = sourcecode.c.objc; path = FourVC.m; sourceTree = "<group>"; };
		01E8972123ABAD3C00540188 /* NSString+PH.h */ = {isa = PBXFileReference; lastKnownFileType = sourcecode.c.h; path = "NSString+PH.h"; sourceTree = "<group>"; };
		01E8972223ABAD3C00540188 /* NSString+PH.m */ = {isa = PBXFileReference; lastKnownFileType = sourcecode.c.objc; path = "NSString+PH.m"; sourceTree = "<group>"; };
		01F7BE0A23AB21C8008D8BC9 /* SecondVC.h */ = {isa = PBXFileReference; lastKnownFileType = sourcecode.c.h; path = SecondVC.h; sourceTree = "<group>"; };
		01F7BE0B23AB21C8008D8BC9 /* SecondVC.m */ = {isa = PBXFileReference; lastKnownFileType = sourcecode.c.objc; path = SecondVC.m; sourceTree = "<group>"; };
		16571732CB28487DFBADE3F6 /* libPods-Masonry布局.a */ = {isa = PBXFileReference; explicitFileType = archive.ar; includeInIndex = 0; path = "libPods-Masonry布局.a"; sourceTree = BUILT_PRODUCTS_DIR; };
		80CDB27933330285E0903240 /* Pods-Masonry布局.debug.xcconfig */ = {isa = PBXFileReference; includeInIndex = 1; lastKnownFileType = text.xcconfig; name = "Pods-Masonry布局.debug.xcconfig"; path = "Pods/Target Support Files/Pods-Masonry布局/Pods-Masonry布局.debug.xcconfig"; sourceTree = "<group>"; };
		8CEF3A09CDB995B5E50A9845 /* Pods-Massonry布局.release.xcconfig */ = {isa = PBXFileReference; includeInIndex = 1; lastKnownFileType = text.xcconfig; name = "Pods-Massonry布局.release.xcconfig"; path = "Pods/Target Support Files/Pods-Massonry布局/Pods-Massonry布局.release.xcconfig"; sourceTree = "<group>"; };
		E0636BF6DB52A9FEC1786E85 /* Pods-Masonry布局.release.xcconfig */ = {isa = PBXFileReference; includeInIndex = 1; lastKnownFileType = text.xcconfig; name = "Pods-Masonry布局.release.xcconfig"; path = "Pods/Target Support Files/Pods-Masonry布局/Pods-Masonry布局.release.xcconfig"; sourceTree = "<group>"; };
		E532A0D981E8069B9F9081B9 /* libPods-Massonry布局.a */ = {isa = PBXFileReference; explicitFileType = archive.ar; includeInIndex = 0; path = "libPods-Massonry布局.a"; sourceTree = BUILT_PRODUCTS_DIR; };
		E885FD85B62E1B0C035279D8 /* Pods-Massonry布局.debug.xcconfig */ = {isa = PBXFileReference; includeInIndex = 1; lastKnownFileType = text.xcconfig; name = "Pods-Massonry布局.debug.xcconfig"; path = "Pods/Target Support Files/Pods-Massonry布局/Pods-Massonry布局.debug.xcconfig"; sourceTree = "<group>"; };
/* End PBXFileReference section */

/* Begin PBXFrameworksBuildPhase section */
		012B71502125010800394A8F /* Frameworks */ = {
			isa = PBXFrameworksBuildPhase;
			buildActionMask = 2147483647;
			files = (
				0B01D88D73D2669D1B7BBC5A /* libPods-Masonry布局.a in Frameworks */,
			);
			runOnlyForDeploymentPostprocessing = 0;
		};
/* End PBXFrameworksBuildPhase section */

/* Begin PBXGroup section */
		012B714A2125010800394A8F = {
			isa = PBXGroup;
			children = (
				012B71552125010800394A8F /* Masonry布局 */,
				012B71542125010800394A8F /* Products */,
				7B040E684203442FF4CB7B35 /* Pods */,
				8CAB687860CDD896379DAF7F /* Frameworks */,
			);
			sourceTree = "<group>";
		};
		012B71542125010800394A8F /* Products */ = {
			isa = PBXGroup;
			children = (
				012B71532125010800394A8F /* Masonry布局.app */,
			);
			name = Products;
			sourceTree = "<group>";
		};
		012B71552125010800394A8F /* Masonry布局 */ = {
			isa = PBXGroup;
			children = (
				012B71562125010800394A8F /* AppDelegate.h */,
				012B71572125010800394A8F /* AppDelegate.m */,
				0147C6BF23ABA4C2006EEF78 /* Utils */,
				01D73C032563A8BC003F8645 /* Models */,
				0147C6B523AB93F0006EEF78 /* Views */,
				0147C6B423AB93E7006EEF78 /* ViewControllers */,
				012B715F2125010900394A8F /* Assets.xcassets */,
				012B71642125010900394A8F /* Info.plist */,
				012B71652125010900394A8F /* main.m */,
			);
			path = "Masonry布局";
			sourceTree = "<group>";
		};
		0147C6B423AB93E7006EEF78 /* ViewControllers */ = {
			isa = PBXGroup;
			children = (
				012B71592125010800394A8F /* ViewController.h */,
				012B715A2125010800394A8F /* ViewController.m */,
				012B716C21252F8000394A8F /* FirstVC.h */,
				012B716D21252F8000394A8F /* FirstVC.m */,
				01F7BE0A23AB21C8008D8BC9 /* SecondVC.h */,
				01F7BE0B23AB21C8008D8BC9 /* SecondVC.m */,
				018D9A8124EBFB3C0025BBF5 /* ThirdVC.h */,
				018D9A8224EBFB3C0025BBF5 /* ThirdVC.m */,
				01D91F3324F7574800FE1DBF /* FourVC.h */,
				01D91F3424F7574800FE1DBF /* FourVC.m */,
				01D73BFC256375DC003F8645 /* FiveVC.h */,
				01D73BFD256375DC003F8645 /* FiveVC.m */,
			);
			path = ViewControllers;
			sourceTree = "<group>";
		};
		0147C6B523AB93F0006EEF78 /* Views */ = {
			isa = PBXGroup;
			children = (
				0147C6B623AB93F0006EEF78 /* PHDashView.h */,
				0147C6B923AB93F0006EEF78 /* PHDashView.m */,
				0147C6B723AB93F0006EEF78 /* PHSingleStepView.h */,
				0147C6BA23AB93F0006EEF78 /* PHSingleStepView.m */,
				0147C6BB23AB93F0006EEF78 /* PHStepView.h */,
				0147C6B823AB93F0006EEF78 /* PHStepView.m */,
				01BACFB824EC00F400D09EC4 /* TableViewCell.h */,
				01BACFB924EC00F400D09EC4 /* TableViewCell.m */,
				01BACFBB24EC01EB00D09EC4 /* TableViewCell2.h */,
				01BACFBC24EC01EB00D09EC4 /* TableViewCell2.m */,
				01BACFBE24EC0CC000D09EC4 /* TableViewCell3.h */,
				01BACFBF24EC0CC000D09EC4 /* TableViewCell3.m */,
				01D73BFF2563A3AF003F8645 /* TableViewCell4.h */,
				01D73C002563A3AF003F8645 /* TableViewCell4.m */,
			);
			path = Views;
			sourceTree = "<group>";
		};
		0147C6BF23ABA4C2006EEF78 /* Utils */ = {
			isa = PBXGroup;
			children = (
				0147C6CA23ABA99C006EEF78 /* PHSafeCollection.h */,
				0147C6C923ABA99C006EEF78 /* PHSafeCollection.m */,
				0147C6C723ABA94B006EEF78 /* PHBaseDataUtil.h */,
				0147C6C623ABA94B006EEF78 /* PHBaseDataUtil.m */,
				0147C6C023ABA4C2006EEF78 /* UIColor+PH.h */,
				0147C6C123ABA4C2006EEF78 /* UIColor+PH.m */,
				01E8972123ABAD3C00540188 /* NSString+PH.h */,
				01E8972223ABAD3C00540188 /* NSString+PH.m */,
			);
			path = Utils;
			sourceTree = "<group>";
		};
		01D73C032563A8BC003F8645 /* Models */ = {
			isa = PBXGroup;
			children = (
				01D73C042563A8E5003F8645 /* ModelForTableViewCell4.h */,
				01D73C052563A8E5003F8645 /* ModelForTableViewCell4.m */,
			);
			path = Models;
			sourceTree = "<group>";
		};
		7B040E684203442FF4CB7B35 /* Pods */ = {
			isa = PBXGroup;
			children = (
				E885FD85B62E1B0C035279D8 /* Pods-Massonry布局.debug.xcconfig */,
				8CEF3A09CDB995B5E50A9845 /* Pods-Massonry布局.release.xcconfig */,
				80CDB27933330285E0903240 /* Pods-Masonry布局.debug.xcconfig */,
				E0636BF6DB52A9FEC1786E85 /* Pods-Masonry布局.release.xcconfig */,
			);
			name = Pods;
			sourceTree = "<group>";
		};
		8CAB687860CDD896379DAF7F /* Frameworks */ = {
			isa = PBXGroup;
			children = (
				E532A0D981E8069B9F9081B9 /* libPods-Massonry布局.a */,
				16571732CB28487DFBADE3F6 /* libPods-Masonry布局.a */,
			);
			name = Frameworks;
			sourceTree = "<group>";
		};
/* End PBXGroup section */

/* Begin PBXNativeTarget section */
		012B71522125010800394A8F /* Masonry布局 */ = {
			isa = PBXNativeTarget;
			buildConfigurationList = 012B71692125010900394A8F /* Build configuration list for PBXNativeTarget "Masonry布局" */;
			buildPhases = (
				9822FC7495E3AE0457B064FC /* [CP] Check Pods Manifest.lock */,
				012B714F2125010800394A8F /* Sources */,
				012B71502125010800394A8F /* Frameworks */,
				012B71512125010800394A8F /* Resources */,
				489F04EA90C226629E6F90D8 /* [CP] Embed Pods Frameworks */,
				2BD6A6C77789A2E2C1F3B173 /* [CP] Copy Pods Resources */,
			);
			buildRules = (
			);
			dependencies = (
			);
			name = "Masonry布局";
			productName = "Massonry布局";
			productReference = 012B71532125010800394A8F /* Masonry布局.app */;
			productType = "com.apple.product-type.application";
		};
/* End PBXNativeTarget section */

/* Begin PBXProject section */
		012B714B2125010800394A8F /* Project object */ = {
			isa = PBXProject;
			attributes = {
				LastUpgradeCheck = 0940;
				ORGANIZATIONNAME = "Hu, Yuping";
				TargetAttributes = {
					012B71522125010800394A8F = {
						CreatedOnToolsVersion = 9.4;
					};
				};
			};
			buildConfigurationList = 012B714E2125010800394A8F /* Build configuration list for PBXProject "Masonry布局" */;
			compatibilityVersion = "Xcode 9.3";
			developmentRegion = en;
			hasScannedForEncodings = 0;
			knownRegions = (
				en,
				Base,
			);
			mainGroup = 012B714A2125010800394A8F;
			productRefGroup = 012B71542125010800394A8F /* Products */;
			projectDirPath = "";
			projectRoot = "";
			targets = (
				012B71522125010800394A8F /* Masonry布局 */,
			);
		};
/* End PBXProject section */

/* Begin PBXResourcesBuildPhase section */
		012B71512125010800394A8F /* Resources */ = {
			isa = PBXResourcesBuildPhase;
			buildActionMask = 2147483647;
			files = (
				012B71602125010900394A8F /* Assets.xcassets in Resources */,
			);
			runOnlyForDeploymentPostprocessing = 0;
		};
/* End PBXResourcesBuildPhase section */

/* Begin PBXShellScriptBuildPhase section */
		2BD6A6C77789A2E2C1F3B173 /* [CP] Copy Pods Resources */ = {
			isa = PBXShellScriptBuildPhase;
			buildActionMask = 2147483647;
			files = (
			);
			inputPaths = (
			);
			name = "[CP] Copy Pods Resources";
			outputPaths = (
			);
			runOnlyForDeploymentPostprocessing = 0;
			shellPath = /bin/sh;
			shellScript = "\"${SRCROOT}/Pods/Target Support Files/Pods-Masonry布局/Pods-Masonry布局-resources.sh\"\n";
			showEnvVarsInLog = 0;
		};
		489F04EA90C226629E6F90D8 /* [CP] Embed Pods Frameworks */ = {
			isa = PBXShellScriptBuildPhase;
			buildActionMask = 2147483647;
			files = (
			);
			inputPaths = (
			);
			name = "[CP] Embed Pods Frameworks";
			outputPaths = (
			);
			runOnlyForDeploymentPostprocessing = 0;
			shellPath = /bin/sh;
			shellScript = "\"${SRCROOT}/Pods/Target Support Files/Pods-Masonry布局/Pods-Masonry布局-frameworks.sh\"\n";
			showEnvVarsInLog = 0;
		};
		9822FC7495E3AE0457B064FC /* [CP] Check Pods Manifest.lock */ = {
			isa = PBXShellScriptBuildPhase;
			buildActionMask = 2147483647;
			files = (
			);
			inputPaths = (
				"${PODS_PODFILE_DIR_PATH}/Podfile.lock",
				"${PODS_ROOT}/Manifest.lock",
			);
			name = "[CP] Check Pods Manifest.lock";
			outputPaths = (
				"$(DERIVED_FILE_DIR)/Pods-Masonry布局-checkManifestLockResult.txt",
			);
			runOnlyForDeploymentPostprocessing = 0;
			shellPath = /bin/sh;
			shellScript = "diff \"${PODS_PODFILE_DIR_PATH}/Podfile.lock\" \"${PODS_ROOT}/Manifest.lock\" > /dev/null\nif [ $? != 0 ] ; then\n    # print error to STDERR\n    echo \"error: The sandbox is not in sync with the Podfile.lock. Run 'pod install' or update your CocoaPods installation.\" >&2\n    exit 1\nfi\n# This output is used by Xcode 'outputs' to avoid re-running this script phase.\necho \"SUCCESS\" > \"${SCRIPT_OUTPUT_FILE_0}\"\n";
			showEnvVarsInLog = 0;
		};
/* End PBXShellScriptBuildPhase section */

/* Begin PBXSourcesBuildPhase section */
		012B714F2125010800394A8F /* Sources */ = {
			isa = PBXSourcesBuildPhase;
			buildActionMask = 2147483647;
			files = (
				012B715B2125010800394A8F /* ViewController.m in Sources */,
				01BACFC024EC0CC000D09EC4 /* TableViewCell3.m in Sources */,
				012B716E21252F8000394A8F /* FirstVC.m in Sources */,
				012B71662125010900394A8F /* main.m in Sources */,
				01F7BE0C23AB21C8008D8BC9 /* SecondVC.m in Sources */,
				01D73C012563A3AF003F8645 /* TableViewCell4.m in Sources */,
				018D9A8324EBFB3C0025BBF5 /* ThirdVC.m in Sources */,
				01BACFBD24EC01EB00D09EC4 /* TableViewCell2.m in Sources */,
				0147C6CB23ABA99C006EEF78 /* PHSafeCollection.m in Sources */,
				0147C6BC23AB93F0006EEF78 /* PHStepView.m in Sources */,
				01D73C062563A8E5003F8645 /* ModelForTableViewCell4.m in Sources */,
				01BACFBA24EC00F400D09EC4 /* TableViewCell.m in Sources */,
				0147C6BD23AB93F0006EEF78 /* PHDashView.m in Sources */,
				01E8972323ABAD3C00540188 /* NSString+PH.m in Sources */,
				01D73BFE256375DC003F8645 /* FiveVC.m in Sources */,
				01D91F3524F7574800FE1DBF /* FourVC.m in Sources */,
				0147C6BE23AB93F0006EEF78 /* PHSingleStepView.m in Sources */,
				012B71582125010800394A8F /* AppDelegate.m in Sources */,
				0147C6C223ABA4C3006EEF78 /* UIColor+PH.m in Sources */,
				0147C6C823ABA94B006EEF78 /* PHBaseDataUtil.m in Sources */,
			);
			runOnlyForDeploymentPostprocessing = 0;
		};
/* End PBXSourcesBuildPhase section */

/* Begin XCBuildConfiguration section */
		012B71672125010900394A8F /* Debug */ = {
			isa = XCBuildConfiguration;
			buildSettings = {
				ALWAYS_SEARCH_USER_PATHS = NO;
				CLANG_ANALYZER_NONNULL = YES;
				CLANG_ANALYZER_NUMBER_OBJECT_CONVERSION = YES_AGGRESSIVE;
				CLANG_CXX_LANGUAGE_STANDARD = "gnu++14";
				CLANG_CXX_LIBRARY = "libc++";
				CLANG_ENABLE_MODULES = YES;
				CLANG_ENABLE_OBJC_ARC = YES;
				CLANG_ENABLE_OBJC_WEAK = YES;
				CLANG_WARN_BLOCK_CAPTURE_AUTORELEASING = YES;
				CLANG_WARN_BOOL_CONVERSION = YES;
				CLANG_WARN_COMMA = YES;
				CLANG_WARN_CONSTANT_CONVERSION = YES;
				CLANG_WARN_DEPRECATED_OBJC_IMPLEMENTATIONS = YES;
				CLANG_WARN_DIRECT_OBJC_ISA_USAGE = YES_ERROR;
				CLANG_WARN_DOCUMENTATION_COMMENTS = YES;
				CLANG_WARN_EMPTY_BODY = YES;
				CLANG_WARN_ENUM_CONVERSION = YES;
				CLANG_WARN_INFINITE_RECURSION = YES;
				CLANG_WARN_INT_CONVERSION = YES;
				CLANG_WARN_NON_LITERAL_NULL_CONVERSION = YES;
				CLANG_WARN_OBJC_IMPLICIT_RETAIN_SELF = YES;
				CLANG_WARN_OBJC_LITERAL_CONVERSION = YES;
				CLANG_WARN_OBJC_ROOT_CLASS = YES_ERROR;
				CLANG_WARN_RANGE_LOOP_ANALYSIS = YES;
				CLANG_WARN_STRICT_PROTOTYPES = YES;
				CLANG_WARN_SUSPICIOUS_MOVE = YES;
				CLANG_WARN_UNGUARDED_AVAILABILITY = YES_AGGRESSIVE;
				CLANG_WARN_UNREACHABLE_CODE = YES;
				CLANG_WARN__DUPLICATE_METHOD_MATCH = YES;
				CODE_SIGN_IDENTITY = "iPhone Developer";
				COPY_PHASE_STRIP = NO;
				DEBUG_INFORMATION_FORMAT = dwarf;
				ENABLE_STRICT_OBJC_MSGSEND = YES;
				ENABLE_TESTABILITY = YES;
				GCC_C_LANGUAGE_STANDARD = gnu11;
				GCC_DYNAMIC_NO_PIC = NO;
				GCC_NO_COMMON_BLOCKS = YES;
				GCC_OPTIMIZATION_LEVEL = 0;
				GCC_PREPROCESSOR_DEFINITIONS = (
					"DEBUG=1",
					"$(inherited)",
				);
				GCC_WARN_64_TO_32_BIT_CONVERSION = YES;
				GCC_WARN_ABOUT_RETURN_TYPE = YES_ERROR;
				GCC_WARN_UNDECLARED_SELECTOR = YES;
				GCC_WARN_UNINITIALIZED_AUTOS = YES_AGGRESSIVE;
				GCC_WARN_UNUSED_FUNCTION = YES;
				GCC_WARN_UNUSED_VARIABLE = YES;
				IPHONEOS_DEPLOYMENT_TARGET = 11.4;
				MTL_ENABLE_DEBUG_INFO = YES;
				ONLY_ACTIVE_ARCH = YES;
				SDKROOT = iphoneos;
			};
			name = Debug;
		};
		012B71682125010900394A8F /* Release */ = {
			isa = XCBuildConfiguration;
			buildSettings = {
				ALWAYS_SEARCH_USER_PATHS = NO;
				CLANG_ANALYZER_NONNULL = YES;
				CLANG_ANALYZER_NUMBER_OBJECT_CONVERSION = YES_AGGRESSIVE;
				CLANG_CXX_LANGUAGE_STANDARD = "gnu++14";
				CLANG_CXX_LIBRARY = "libc++";
				CLANG_ENABLE_MODULES = YES;
				CLANG_ENABLE_OBJC_ARC = YES;
				CLANG_ENABLE_OBJC_WEAK = YES;
				CLANG_WARN_BLOCK_CAPTURE_AUTORELEASING = YES;
				CLANG_WARN_BOOL_CONVERSION = YES;
				CLANG_WARN_COMMA = YES;
				CLANG_WARN_CONSTANT_CONVERSION = YES;
				CLANG_WARN_DEPRECATED_OBJC_IMPLEMENTATIONS = YES;
				CLANG_WARN_DIRECT_OBJC_ISA_USAGE = YES_ERROR;
				CLANG_WARN_DOCUMENTATION_COMMENTS = YES;
				CLANG_WARN_EMPTY_BODY = YES;
				CLANG_WARN_ENUM_CONVERSION = YES;
				CLANG_WARN_INFINITE_RECURSION = YES;
				CLANG_WARN_INT_CONVERSION = YES;
				CLANG_WARN_NON_LITERAL_NULL_CONVERSION = YES;
				CLANG_WARN_OBJC_IMPLICIT_RETAIN_SELF = YES;
				CLANG_WARN_OBJC_LITERAL_CONVERSION = YES;
				CLANG_WARN_OBJC_ROOT_CLASS = YES_ERROR;
				CLANG_WARN_RANGE_LOOP_ANALYSIS = YES;
				CLANG_WARN_STRICT_PROTOTYPES = YES;
				CLANG_WARN_SUSPICIOUS_MOVE = YES;
				CLANG_WARN_UNGUARDED_AVAILABILITY = YES_AGGRESSIVE;
				CLANG_WARN_UNREACHABLE_CODE = YES;
				CLANG_WARN__DUPLICATE_METHOD_MATCH = YES;
				CODE_SIGN_IDENTITY = "iPhone Developer";
				COPY_PHASE_STRIP = NO;
				DEBUG_INFORMATION_FORMAT = "dwarf-with-dsym";
				ENABLE_NS_ASSERTIONS = NO;
				ENABLE_STRICT_OBJC_MSGSEND = YES;
				GCC_C_LANGUAGE_STANDARD = gnu11;
				GCC_NO_COMMON_BLOCKS = YES;
				GCC_WARN_64_TO_32_BIT_CONVERSION = YES;
				GCC_WARN_ABOUT_RETURN_TYPE = YES_ERROR;
				GCC_WARN_UNDECLARED_SELECTOR = YES;
				GCC_WARN_UNINITIALIZED_AUTOS = YES_AGGRESSIVE;
				GCC_WARN_UNUSED_FUNCTION = YES;
				GCC_WARN_UNUSED_VARIABLE = YES;
				IPHONEOS_DEPLOYMENT_TARGET = 11.4;
				MTL_ENABLE_DEBUG_INFO = NO;
				SDKROOT = iphoneos;
				VALIDATE_PRODUCT = YES;
			};
			name = Release;
		};
		012B716A2125010900394A8F /* Debug */ = {
			isa = XCBuildConfiguration;
			baseConfigurationReference = 80CDB27933330285E0903240 /* Pods-Masonry布局.debug.xcconfig */;
			buildSettings = {
				ASSETCATALOG_COMPILER_APPICON_NAME = AppIcon;
				CODE_SIGN_STYLE = Automatic;
				DEVELOPMENT_TEAM = 6F8YPTA92C;
				INFOPLIST_FILE = "$(SRCROOT)/Masonry布局/Info.plist";
				LD_RUNPATH_SEARCH_PATHS = (
					"$(inherited)",
					"@executable_path/Frameworks",
				);
				PRODUCT_BUNDLE_IDENTIFIER = "com.yxt.Massonry--";
				PRODUCT_NAME = "$(TARGET_NAME)";
				TARGETED_DEVICE_FAMILY = "1,2";
			};
			name = Debug;
		};
		012B716B2125010900394A8F /* Release */ = {
			isa = XCBuildConfiguration;
			baseConfigurationReference = E0636BF6DB52A9FEC1786E85 /* Pods-Masonry布局.release.xcconfig */;
			buildSettings = {
				ASSETCATALOG_COMPILER_APPICON_NAME = AppIcon;
				CODE_SIGN_STYLE = Automatic;
				DEVELOPMENT_TEAM = 6F8YPTA92C;
				INFOPLIST_FILE = "$(SRCROOT)/Masonry布局/Info.plist";
				LD_RUNPATH_SEARCH_PATHS = (
					"$(inherited)",
					"@executable_path/Frameworks",
				);
				PRODUCT_BUNDLE_IDENTIFIER = "com.yxt.Massonry--";
				PRODUCT_NAME = "$(TARGET_NAME)";
				TARGETED_DEVICE_FAMILY = "1,2";
			};
			name = Release;
		};
/* End XCBuildConfiguration section */

/* Begin XCConfigurationList section */
		012B714E2125010800394A8F /* Build configuration list for PBXProject "Masonry布局" */ = {
			isa = XCConfigurationList;
			buildConfigurations = (
				012B71672125010900394A8F /* Debug */,
				012B71682125010900394A8F /* Release */,
			);
			defaultConfigurationIsVisible = 0;
			defaultConfigurationName = Release;
		};
		012B71692125010900394A8F /* Build configuration list for PBXNativeTarget "Masonry布局" */ = {
			isa = XCConfigurationList;
			buildConfigurations = (
				012B716A2125010900394A8F /* Debug */,
				012B716B2125010900394A8F /* Release */,
			);
			defaultConfigurationIsVisible = 0;
			defaultConfigurationName = Release;
		};
/* End XCConfigurationList section */
	};
	rootObject = 012B714B2125010800394A8F /* Project object */;
}
